
Microsoft Visual Studio Solution File, Format Version 12.00
# Visual Studio Version 17
VisualStudioVersion = 17.9.34728.123
MinimumVisualStudioVersion = 10.0.40219.1
Project("{FAE04EC0-301F-11D3-BF4B-00C04F79EFBC}") = "OW BricsCAD Batch Scripter v24", "BricsCAD Batch v24\OW BricsCAD Batch Scripter v24.csproj", "{7BFA8EFD-A1CD-4504-878D-C304393BCD50}"
EndProject
Global
	GlobalSection(SolutionConfigurationPlatforms) = preSolution
		Debug|Any CPU = Debug|Any CPU
		Release|Any CPU = Release|Any CPU
	EndGlobalSection
	GlobalSection(ProjectConfigurationPlatforms) = postSolution
		{7BFA8EFD-A1CD-4504-878D-C304393BCD50}.Debug|Any CPU.ActiveCfg = Debug|Any CPU
		{7BFA8EFD-A1CD-4504-878D-C304393BCD50}.Debug|Any CPU.Build.0 = Debug|Any CPU
		{7BFA8EFD-A1CD-4504-878D-C304393BCD50}.Release|Any CPU.ActiveCfg = Release|Any CPU
		{7BFA8EFD-A1CD-4504-878D-C304393BCD50}.Release|Any CPU.Build.0 = Release|Any CPU
	EndGlobalSection
	GlobalSection(SolutionProperties) = preSolution
		HideSolutionNode = FALSE
	EndGlobalSection
	GlobalSection(ExtensibilityGlobals) = postSolution
		SolutionGuid = {C216C683-EF95-43F7-8667-4E6BCF914ECA}
	EndGlobalSection
EndGlobal
